
Microsoft Visual Studio Solution File, Format Version 12.00
# Visual Studio Version 16
VisualStudioVersion = 16.0.33423.256
MinimumVisualStudioVersion = 10.0.40219.1
Project("{F184B08F-C81C-45F6-A57F-5ABD9991F28F}") = "ejercicioUnidad2", "ejercicioUnidad2\ejercicioUnidad2.vbproj", "{5CAC1916-E6F7-4A8A-A8BB-912A961D6EA2}"
EndProject
Global
	GlobalSection(SolutionConfigurationPlatforms) = preSolution
		Debug|Any CPU = Debug|Any CPU
		Release|Any CPU = Release|Any CPU
	EndGlobalSection
	GlobalSection(ProjectConfigurationPlatforms) = postSolution
		{5CAC1916-E6F7-4A8A-A8BB-912A961D6EA2}.Debug|Any CPU.ActiveCfg = Debug|Any CPU
		{5CAC1916-E6F7-4A8A-A8BB-912A961D6EA2}.Debug|Any CPU.Build.0 = Debug|Any CPU
		{5CAC1916-E6F7-4A8A-A8BB-912A961D6EA2}.Release|Any CPU.ActiveCfg = Release|Any CPU
		{5CAC1916-E6F7-4A8A-A8BB-912A961D6EA2}.Release|Any CPU.Build.0 = Release|Any CPU
	EndGlobalSection
	GlobalSection(SolutionProperties) = preSolution
		HideSolutionNode = FALSE
	EndGlobalSection
	GlobalSection(ExtensibilityGlobals) = postSolution
		SolutionGuid = {3D990EB5-DEE0-43C9-8BBA-CA472369D045}
	EndGlobalSection
EndGlobal
